PODS:
  - ActionSheetPicker-3.0 (2.2.0)
  - JTAppleCalendar (7.0.6)
  - ModernSearchBar (1.4)
  - PinCodeTextField (0.0.4):
    - PinCodeTextField/Swift (= 0.0.4)
  - PinCodeTextField/Core (0.0.4)
  - PinCodeTextField/Swift (0.0.4):
    - PinCodeTextField/Core
  - Realm (2.9.1):
    - Realm/Headers (= 2.9.1)
  - Realm/Headers (2.9.1)
  - RealmSwift (2.9.1):
    - Realm (= 2.9.1)
  - RxCocoa (3.6.1):
    - RxSwift (~> 3.6)
  - RxKeyboard (0.6.2):
    - RxCocoa (>= 3.4)
    - RxSwift (>= 3.4)
  - RxSwift (3.6.1)
  - SmileLock (2.0.2)

DEPENDENCIES:
  - ActionSheetPicker-3.0 (~> 2.2.0)
  - JTAppleCalendar (~> 7.0)
  - ModernSearchBar
  - PinCodeTextField (from `https://github.com/tkach/PinCodeTextField`)
  - Realm (from `https://github.com/realm/realm-cocoa.git`, branch `master`)
  - RealmSwift (from `https://github.com/realm/realm-cocoa.git`, branch `master`)
  - RxKeyboard
  - SmileLock

EXTERNAL SOURCES:
  PinCodeTextField:
    :git: https://github.com/tkach/PinCodeTextField
  Realm:
    :branch: master
    :git: https://github.com/realm/realm-cocoa.git
    :submodules: true
  RealmSwift:
    :branch: master
    :git: https://github.com/realm/realm-cocoa.git
    :submodules: true

CHECKOUT OPTIONS:
  PinCodeTextField:
    :commit: 3c91506a2cf82e79d90eb2bf6294ce314db45585
    :git: https://github.com/tkach/PinCodeTextField
  Realm:
    :commit: 0e5eef42fa7ef56e1484d6a3f9f683660da42f17
    :git: https://github.com/realm/realm-cocoa.git
    :submodules: true
  RealmSwift:
    :commit: 0e5eef42fa7ef56e1484d6a3f9f683660da42f17
    :git: https://github.com/realm/realm-cocoa.git
    :submodules: true

SPEC CHECKSUMS:
  ActionSheetPicker-3.0: d11a4c12c6aaf704b8a3f56d179198c99f3e41e6
  JTAppleCalendar: 6a942475e33b9ad4dee0a0e14aa4c63adcf4f543
  ModernSearchBar: d888b62f960c4d91f8662f0720e1544d19847e7f
  PinCodeTextField: 1248da9733734692d598941a5a0866af1ffc5e0a
  Realm: f91fb43bd474c4f731a116ebf7392c75dd015920
  RealmSwift: 9b93f053d46d4fc4145e691c14eb06b5410ffdc9
  RxCocoa: 84a08739ab186248c7f31ce4ee92d6f8a947d690
  RxKeyboard: 09e6bd45070888cd9701e941b2324a49cc974a1b
  RxSwift: f9de85ea20cd2f7716ee5409fc13523dc638e4e4
  SmileLock: 7ae1e174b4697c0a33882dab838fc0bea94432f4

PODFILE CHECKSUM: 31bca2bd2cf78f17b11f379c36bdd4c6e3f5343f

COCOAPODS: 1.2.0
